
Microsoft Visual Studio Solution File, Format Version 12.00
# Visual Studio Version 16
VisualStudioVersion = 16.0.31019.35
MinimumVisualStudioVersion = 10.0.40219.1
Project("{FAE04EC0-301F-11D3-BF4B-00C04F79EFBC}") = "WindowsFormsAppLab1", "WindowsFormsAppLab1\WindowsFormsAppLab1.csproj", "{F3F8BC01-6CA5-4D52-B00C-97C797A69628}"
EndProject
Global
	GlobalSection(SolutionConfigurationPlatforms) = preSolution
		Debug|Any CPU = Debug|Any CPU
		Release|Any CPU = Release|Any CPU
	EndGlobalSection
	GlobalSection(ProjectConfigurationPlatforms) = postSolution
		{F3F8BC01-6CA5-4D52-B00C-97C797A69628}.Debug|Any CPU.ActiveCfg = Debug|Any CPU
		{F3F8BC01-6CA5-4D52-B00C-97C797A69628}.Debug|Any CPU.Build.0 = Debug|Any CPU
		{F3F8BC01-6CA5-4D52-B00C-97C797A69628}.Release|Any CPU.ActiveCfg = Release|Any CPU
		{F3F8BC01-6CA5-4D52-B00C-97C797A69628}.Release|Any CPU.Build.0 = Release|Any CPU
	EndGlobalSection
	GlobalSection(SolutionProperties) = preSolution
		HideSolutionNode = FALSE
	EndGlobalSection
	GlobalSection(ExtensibilityGlobals) = postSolution
		SolutionGuid = {ECBDA6B4-C75F-4EA5-9A9E-5D9FE67D7218}
	EndGlobalSection
EndGlobal
